{
  "object": {
    "pins": [
      {
        "package": "async-collections",
        "repositoryURL": "https://github.com/adam-fowler/async-collections.git",
        "state": {
          "branch": null,
          "revision": "5acf565880079a808282889995d901637f3281a0",
          "version": "0.0.1"
        }
      },
      {
        "package": "async-kit",
        "repositoryURL": "https://github.com/vapor/async-kit.git",
        "state": {
          "branch": null,
          "revision": "e2f741640364c1d271405da637029ea6a33f754e",
          "version": "1.11.1"
        }
      },
      {
        "package": "BSON",
        "repositoryURL": "https://github.com/OpenKitten/BSON.git",
        "state": {
          "branch": null,
          "revision": "98a2c90988895f1b985ed0066180995df995924c",
          "version": "7.0.28"
        }
      },
      {
        "package": "CypherTextKit",
        "repositoryURL": "https://github.com/needle-tail/CypherTextKit.git",
        "state": {
          "branch": "feature/async-await",
          "revision": "812d108f299ec23be26e4ca52b382bb5e1792026",
          "version": null
        }
      },
      {
        "package": "Dribble",
        "repositoryURL": "https://github.com/orlandos-nl/Dribble.git",
        "state": {
          "branch": "main",
          "revision": "afbfa0a83bd41880820b8883a765fd0d310eabfd",
          "version": null
        }
      },
      {
        "package": "fluent-kit",
        "repositoryURL": "https://github.com/vapor/fluent-kit.git",
        "state": {
          "branch": null,
          "revision": "d5273e8d050c51dd7e1d3a4dab08fe32ec9ffffa",
          "version": "1.20.0"
        }
      },
      {
        "package": "fluent-sqlite-driver",
        "repositoryURL": "https://github.com/vapor/fluent-sqlite-driver.git",
        "state": {
          "branch": null,
          "revision": "9ca34be792979fb0f1dbd8e45b8af9f1e1440474",
          "version": "4.1.0"
        }
      },
      {
        "package": "jwt-kit",
        "repositoryURL": "https://github.com/vapor/jwt-kit.git",
        "state": {
          "branch": null,
          "revision": "1822bb0abf0a31a4b5078ec19061c548835253b5",
          "version": "4.3.0"
        }
      },
      {
        "package": "sql-kit",
        "repositoryURL": "https://github.com/vapor/sql-kit.git",
        "state": {
          "branch": null,
          "revision": "9cc30f8cef132e91a07e36005612b37f918731fc",
          "version": "3.16.0"
        }
      },
      {
        "package": "sqlite-kit",
        "repositoryURL": "https://github.com/vapor/sqlite-kit.git",
        "state": {
          "branch": null,
          "revision": "0b3b12b032991de3ab5999b428a652ec29139746",
          "version": "4.1.0"
        }
      },
      {
        "package": "sqlite-nio",
        "repositoryURL": "https://github.com/vapor/sqlite-nio.git",
        "state": {
          "branch": null,
          "revision": "6481dd0b01112d082dd7eb362782126e81964138",
          "version": "1.1.0"
        }
      },
      {
        "package": "swift-argument-parser",
        "repositoryURL": "https://github.com/apple/swift-argument-parser.git",
        "state": {
          "branch": null,
          "revision": "223d62adc52d51669ae2ee19bdb8b7d9fd6fcd9c",
          "version": "0.0.6"
        }
      },
      {
        "package": "swift-collections",
        "repositoryURL": "https://github.com/apple/swift-collections",
        "state": {
          "branch": null,
          "revision": "48254824bb4248676bf7ce56014ff57b142b77eb",
          "version": "1.0.2"
        }
      },
      {
        "package": "swift-crypto",
        "repositoryURL": "https://github.com/apple/swift-crypto.git",
        "state": {
          "branch": null,
          "revision": "3bea268b223651c4ab7b7b9ad62ef9b2d4143eb6",
          "version": "1.1.6"
        }
      },
      {
        "package": "swift-log",
        "repositoryURL": "https://github.com/apple/swift-log.git",
        "state": {
          "branch": null,
          "revision": "5d66f7ba25daf4f94100e7022febf3c75e37a6c7",
          "version": "1.4.2"
        }
      },
      {
        "package": "swift-nio",
        "repositoryURL": "https://github.com/apple/swift-nio.git",
        "state": {
          "branch": null,
          "revision": "51c3fc2e4a0fcdf4a25089b288dd65b73df1b0ef",
          "version": "2.37.0"
        }
      },
      {
        "package": "swift-nio-extras",
        "repositoryURL": "https://github.com/apple/swift-nio-extras.git",
        "state": {
          "branch": null,
          "revision": "f73ca5ee9c6806800243f1ac415fcf82de9a4c91",
          "version": "1.10.2"
        }
      },
      {
        "package": "swift-nio-ssl",
        "repositoryURL": "https://github.com/apple/swift-nio-ssl.git",
        "state": {
          "branch": null,
          "revision": "52a486ff6de9bc3e26bf634c5413c41c5fa89ca5",
          "version": "2.17.2"
        }
      },
      {
        "package": "swift-nio-transport-services",
        "repositoryURL": "https://github.com/Cartisim/swift-nio-transport-services.git",
        "state": {
          "branch": "udp-support-nio-latest",
          "revision": "f80c310444d550f6f0db9d01bafb624a24fe8b4c",
          "version": null
        }
      },
      {
        "package": "websocket-kit",
        "repositoryURL": "https://github.com/vapor/websocket-kit.git",
        "state": {
          "branch": null,
          "revision": "ff8fbce837ef01a93d49c6fb49a72be0f150dac7",
          "version": "2.3.0"
        }
      }
    ]
  },
  "version": 1
}
