{
  "pins" : [
    {
      "identity" : "bson",
      "kind" : "remoteSourceControl",
      "location" : "https://github.com/orlandos-nl/BSON.git",
      "state" : {
        "revision" : "e5f3c18e89048961156f3cb3af7f662979a2d0a9",
        "version" : "8.0.1"
      }
    },
    {
      "identity" : "cyphertextkit",
      "kind" : "remoteSourceControl",
      "location" : "https://github.com/needle-tail/CypherTextKit.git",
      "state" : {
        "branch" : "feature/async-await",
        "revision" : "1c9b9a7d518679a5a69616b62449958a68031d14"
      }
    },
    {
      "identity" : "dribble",
      "kind" : "remoteSourceControl",
      "location" : "https://github.com/needle-tail/Dribble.git",
      "state" : {
        "branch" : "main",
        "revision" : "3c7228f66569daf554ab9495be38d450f0c4553a"
      }
    },
    {
      "identity" : "jwt-kit",
      "kind" : "remoteSourceControl",
      "location" : "https://github.com/vapor/jwt-kit.git",
      "state" : {
        "revision" : "87ce13a1df913ba4d51cf00606df7ef24d455571",
        "version" : "4.7.0"
      }
    },
    {
      "identity" : "swift-argument-parser",
      "kind" : "remoteSourceControl",
      "location" : "https://github.com/apple/swift-argument-parser.git",
      "state" : {
        "revision" : "df9ee6676cd5b3bf5b330ec7568a5644f547201b",
        "version" : "1.1.3"
      }
    },
    {
      "identity" : "swift-atomics",
      "kind" : "remoteSourceControl",
      "location" : "https://github.com/apple/swift-atomics.git",
      "state" : {
        "revision" : "919eb1d83e02121cdb434c7bfc1f0c66ef17febe",
        "version" : "1.0.2"
      }
    },
    {
      "identity" : "swift-crypto",
      "kind" : "remoteSourceControl",
      "location" : "https://github.com/apple/swift-crypto.git",
      "state" : {
        "revision" : "d9825fa541df64b1a7b182178d61b9a82730d01f",
        "version" : "2.1.0"
      }
    },
    {
      "identity" : "swift-log",
      "kind" : "remoteSourceControl",
      "location" : "https://github.com/apple/swift-log.git",
      "state" : {
        "revision" : "5d66f7ba25daf4f94100e7022febf3c75e37a6c7",
        "version" : "1.4.2"
      }
    },
    {
      "identity" : "swift-nio",
      "kind" : "remoteSourceControl",
      "location" : "https://github.com/apple/swift-nio.git",
      "state" : {
        "revision" : "b4e0a274f7f34210e97e2f2c50ab02a10b549250",
        "version" : "2.41.1"
      }
    },
    {
      "identity" : "swift-nio-extras",
      "kind" : "remoteSourceControl",
      "location" : "https://github.com/apple/swift-nio-extras.git",
      "state" : {
        "revision" : "a75e92bde3683241c15df3dd905b7a6dcac4d551",
        "version" : "1.12.1"
      }
    },
    {
      "identity" : "swift-nio-ssl",
      "kind" : "remoteSourceControl",
      "location" : "https://github.com/apple/swift-nio-ssl.git",
      "state" : {
        "revision" : "0265283d3539ced108b9b8287eb3328c9d85acdc",
        "version" : "2.21.0"
      }
    },
    {
      "identity" : "swift-nio-transport-services",
      "kind" : "remoteSourceControl",
      "location" : "https://github.com/apple/swift-nio-transport-services.git",
      "state" : {
        "revision" : "4e02d9cf35cabfb538c96613272fb027dd0c8692",
        "version" : "1.13.1"
      }
    },
    {
      "identity" : "taskqueue",
      "kind" : "remoteSourceControl",
      "location" : "https://github.com/Joannis/TaskQueue.git",
      "state" : {
        "revision" : "38df6560a3ce185e0954ec2851b01ee82c01ee2c",
        "version" : "1.0.0"
      }
    },
    {
      "identity" : "websocket-kit",
      "kind" : "remoteSourceControl",
      "location" : "https://github.com/vapor/websocket-kit.git",
      "state" : {
        "revision" : "efb1bd5adab0381e521a50b11d3107081cdb5615",
        "version" : "2.6.0"
      }
    }
  ],
  "version" : 2
}
